
Microsoft Visual Studio Solution File, Format Version 12.00
# Visual Studio 15
VisualStudioVersion = 15.0.28307.168
MinimumVisualStudioVersion = 10.0.40219.1
Project("{9A19103F-16F7-4668-BE54-9A1E7A4F7556}") = "MyWebApplication", "src\MyWebApplication.csproj", "{B6F4DBAB-4B84-4EA3-8908-53963F1B4E11}"
EndProject
Project("{2150E333-8FDC-42A3-9474-1A3956D46DE8}") = "src", "src", "{90F8F625-ECB8-465E-BB0D-C4660E8972AE}"
EndProject
Project("{2150E333-8FDC-42A3-9474-1A3956D46DE8}") = "tests", "tests", "{0F43E294-F1DB-4697-AAE4-DA16D358598C}"
EndProject
Project("{E53339B2-1760-4266-BCC7-CA923CBCF16C}") = "docker-compose", "docker-compose.dcproj", "{2E811CA4-AF06-4549-80B9-1ABACCAFAD6F}"
EndProject
Project("{2150E333-8FDC-42A3-9474-1A3956D46DE8}") = "ServiceTests", "ServiceTests", "{9D7D20D2-C3F9-47B3-AE4E-52D89F1AE27D}"
EndProject
Project("{FAE04EC0-301F-11D3-BF4B-00C04F79EFBC}") = "MyWebApplication.ServiceTests", "tests\MyWebApplication.ServiceTests\MyWebApplication.ServiceTests.csproj", "{5F190908-C927-4B35-AD81-A5310344EB71}"
EndProject
Global
	GlobalSection(SolutionConfigurationPlatforms) = preSolution
		Debug|Any CPU = Debug|Any CPU
		Release|Any CPU = Release|Any CPU
	EndGlobalSection
	GlobalSection(ProjectConfigurationPlatforms) = postSolution
		{B6F4DBAB-4B84-4EA3-8908-53963F1B4E11}.Debug|Any CPU.ActiveCfg = Debug|Any CPU
		{B6F4DBAB-4B84-4EA3-8908-53963F1B4E11}.Debug|Any CPU.Build.0 = Debug|Any CPU
		{B6F4DBAB-4B84-4EA3-8908-53963F1B4E11}.Release|Any CPU.ActiveCfg = Release|Any CPU
		{B6F4DBAB-4B84-4EA3-8908-53963F1B4E11}.Release|Any CPU.Build.0 = Release|Any CPU
		{2E811CA4-AF06-4549-80B9-1ABACCAFAD6F}.Debug|Any CPU.ActiveCfg = Debug|Any CPU
		{2E811CA4-AF06-4549-80B9-1ABACCAFAD6F}.Debug|Any CPU.Build.0 = Debug|Any CPU
		{2E811CA4-AF06-4549-80B9-1ABACCAFAD6F}.Release|Any CPU.ActiveCfg = Release|Any CPU
		{2E811CA4-AF06-4549-80B9-1ABACCAFAD6F}.Release|Any CPU.Build.0 = Release|Any CPU
		{5F190908-C927-4B35-AD81-A5310344EB71}.Debug|Any CPU.ActiveCfg = Debug|Any CPU
		{5F190908-C927-4B35-AD81-A5310344EB71}.Debug|Any CPU.Build.0 = Debug|Any CPU
		{5F190908-C927-4B35-AD81-A5310344EB71}.Release|Any CPU.ActiveCfg = Release|Any CPU
		{5F190908-C927-4B35-AD81-A5310344EB71}.Release|Any CPU.Build.0 = Release|Any CPU
	EndGlobalSection
	GlobalSection(SolutionProperties) = preSolution
		HideSolutionNode = FALSE
	EndGlobalSection
	GlobalSection(NestedProjects) = preSolution
		{B6F4DBAB-4B84-4EA3-8908-53963F1B4E11} = {90F8F625-ECB8-465E-BB0D-C4660E8972AE}
		{9D7D20D2-C3F9-47B3-AE4E-52D89F1AE27D} = {0F43E294-F1DB-4697-AAE4-DA16D358598C}
		{5F190908-C927-4B35-AD81-A5310344EB71} = {9D7D20D2-C3F9-47B3-AE4E-52D89F1AE27D}
	EndGlobalSection
	GlobalSection(ExtensibilityGlobals) = postSolution
		SolutionGuid = {3B90EA8B-3EFD-40AE-8474-12C21F3AC4C9}
	EndGlobalSection
EndGlobal
